
Microsoft Visual Studio Solution File, Format Version 12.00
# Visual Studio Version 16
VisualStudioVersion = 16.0.31005.135
MinimumVisualStudioVersion = 10.0.40219.1
Project("{FAE04EC0-301F-11D3-BF4B-00C04F79EFBC}") = "MVC_Keycloak", "MVC_Keycloak\MVC_Keycloak.csproj", "{B6CA3063-B071-4180-876E-6EC238D4289D}"
EndProject
Global
	GlobalSection(SolutionConfigurationPlatforms) = preSolution
		Debug|Any CPU = Debug|Any CPU
		Release|Any CPU = Release|Any CPU
	EndGlobalSection
	GlobalSection(ProjectConfigurationPlatforms) = postSolution
		{B6CA3063-B071-4180-876E-6EC238D4289D}.Debug|Any CPU.ActiveCfg = Debug|Any CPU
		{B6CA3063-B071-4180-876E-6EC238D4289D}.Debug|Any CPU.Build.0 = Debug|Any CPU
		{B6CA3063-B071-4180-876E-6EC238D4289D}.Release|Any CPU.ActiveCfg = Release|Any CPU
		{B6CA3063-B071-4180-876E-6EC238D4289D}.Release|Any CPU.Build.0 = Release|Any CPU
	EndGlobalSection
	GlobalSection(SolutionProperties) = preSolution
		HideSolutionNode = FALSE
	EndGlobalSection
	GlobalSection(ExtensibilityGlobals) = postSolution
		SolutionGuid = {F0C2A70B-2367-4E38-B43C-E0F9780D0B57}
	EndGlobalSection
EndGlobal
